
Microsoft Visual Studio Solution File, Format Version 12.00
# Visual Studio Version 17
VisualStudioVersion = 17.4.33213.308
MinimumVisualStudioVersion = 10.0.40219.1
Project("{FAE04EC0-301F-11D3-BF4B-00C04F79EFBC}") = "MiParcialito", "MiParcialito\MiParcialito.csproj", "{73B03583-A6D1-4A95-B7B6-2819FC05EE0A}"
EndProject
Global
	GlobalSection(SolutionConfigurationPlatforms) = preSolution
		Debug|Any CPU = Debug|Any CPU
		Release|Any CPU = Release|Any CPU
	EndGlobalSection
	GlobalSection(ProjectConfigurationPlatforms) = postSolution
		{73B03583-A6D1-4A95-B7B6-2819FC05EE0A}.Debug|Any CPU.ActiveCfg = Debug|Any CPU
		{73B03583-A6D1-4A95-B7B6-2819FC05EE0A}.Debug|Any CPU.Build.0 = Debug|Any CPU
		{73B03583-A6D1-4A95-B7B6-2819FC05EE0A}.Release|Any CPU.ActiveCfg = Release|Any CPU
		{73B03583-A6D1-4A95-B7B6-2819FC05EE0A}.Release|Any CPU.Build.0 = Release|Any CPU
	EndGlobalSection
	GlobalSection(SolutionProperties) = preSolution
		HideSolutionNode = FALSE
	EndGlobalSection
	GlobalSection(ExtensibilityGlobals) = postSolution
		SolutionGuid = {8D99D012-10F7-4BF1-90D4-8CF3DD4DDF50}
	EndGlobalSection
EndGlobal
